
Microsoft Visual Studio Solution File, Format Version 12.00
# Visual Studio 15
Project("{FAE04EC0-301F-11D3-BF4B-00C04F79EFBC}") = "VuforiaScripts", "VuforiaScripts.csproj", "{2C4671F4-9069-EB0B-5A01-0B41C1441B88}"
EndProject
Project("{FAE04EC0-301F-11D3-BF4B-00C04F79EFBC}") = "VuforiaEditorScripts", "VuforiaEditorScripts.csproj", "{C707763F-930A-3582-BE29-CA13BB9C7FA5}"
EndProject
Global
	GlobalSection(SolutionConfigurationPlatforms) = preSolution
		Debug|Any CPU = Debug|Any CPU
		Release|Any CPU = Release|Any CPU
	EndGlobalSection
	GlobalSection(ProjectConfigurationPlatforms) = postSolution
		{2C4671F4-9069-EB0B-5A01-0B41C1441B88}.Debug|Any CPU.ActiveCfg = Debug|Any CPU
		{2C4671F4-9069-EB0B-5A01-0B41C1441B88}.Debug|Any CPU.Build.0 = Debug|Any CPU
		{2C4671F4-9069-EB0B-5A01-0B41C1441B88}.Release|Any CPU.ActiveCfg = Release|Any CPU
		{2C4671F4-9069-EB0B-5A01-0B41C1441B88}.Release|Any CPU.Build.0 = Release|Any CPU
		{C707763F-930A-3582-BE29-CA13BB9C7FA5}.Debug|Any CPU.ActiveCfg = Debug|Any CPU
		{C707763F-930A-3582-BE29-CA13BB9C7FA5}.Debug|Any CPU.Build.0 = Debug|Any CPU
		{C707763F-930A-3582-BE29-CA13BB9C7FA5}.Release|Any CPU.ActiveCfg = Release|Any CPU
		{C707763F-930A-3582-BE29-CA13BB9C7FA5}.Release|Any CPU.Build.0 = Release|Any CPU
	EndGlobalSection
	GlobalSection(SolutionProperties) = preSolution
		HideSolutionNode = FALSE
	EndGlobalSection
EndGlobal
